
Microsoft Visual Studio Solution File, Format Version 12.00
# Visual Studio Version 17
VisualStudioVersion = 17.14.36109.1 d17.14
MinimumVisualStudioVersion = 10.0.40219.1
Project("{FAE04EC0-301F-11D3-BF4B-00C04F79EFBC}") = "ProfileNotifcationExample", "ProfileNotifcationExample.csproj", "{6C59682C-228F-44DB-9614-719DCE6BDFBC}"
EndProject
Global
	GlobalSection(SolutionConfigurationPlatforms) = preSolution
		Debug|Any CPU = Debug|Any CPU
		Release|Any CPU = Release|Any CPU
	EndGlobalSection
	GlobalSection(ProjectConfigurationPlatforms) = postSolution
		{6C59682C-228F-44DB-9614-719DCE6BDFBC}.Debug|Any CPU.ActiveCfg = Debug|Any CPU
		{6C59682C-228F-44DB-9614-719DCE6BDFBC}.Debug|Any CPU.Build.0 = Debug|Any CPU
		{6C59682C-228F-44DB-9614-719DCE6BDFBC}.Release|Any CPU.ActiveCfg = Release|Any CPU
		{6C59682C-228F-44DB-9614-719DCE6BDFBC}.Release|Any CPU.Build.0 = Release|Any CPU
	EndGlobalSection
	GlobalSection(SolutionProperties) = preSolution
		HideSolutionNode = FALSE
	EndGlobalSection
	GlobalSection(ExtensibilityGlobals) = postSolution
		SolutionGuid = {7A0E8EC8-CC23-40D9-8F35-E86BBA1C047D}
	EndGlobalSection
EndGlobal
